{
    "_meta": {
        "hash": {
            "sha256": "aa05dc805b2f73f3c2f087e0341d42fc2b9ede7808d4813416246637223d5d8b"
        },
        "requires": {},
        "sources": [
            {
                "url": "https://pypi.python.org/simple",
                "verify_ssl": true
            }
        ]
    },
    "default": {
        "Flask": {
            "version": "==0.12.2"
        },
        "Jinja2": {
            "version": "==2.10"
        },
        "MarkupSafe": {
            "version": "==1.0"
        },
        "Werkzeug": {
            "version": "==0.12.2"
        },
        "click": {
            "version": "==6.7"
        },
        "itsdangerous": {
            "version": "==0.24"
        },
        "psycopg2": {
            "version": "==2.7.3.2"
        }
    },
    "develop": {
        "coverage": {
            "version": "==4.4.2"
        },
        "mypy": {
            "version": "==0.550"
        },
        "psutil": {
            "version": "==5.4.1"
        },
        "py": {
            "version": "==1.4.34"
        },
        "pytest": {
            "version": "==3.2.3"
        },
        "pytest-mock": {
            "version": "==1.6.3"
        },
        "setuptools": {
            "version": "==36.7.1"
        },
        "typed-ast": {
            "version": "==1.1.0"
        }
    }
}
